
Microsoft Visual Studio Solution File, Format Version 12.00
# Visual Studio Version 17
VisualStudioVersion = 17.4.33205.214
MinimumVisualStudioVersion = 10.0.40219.1
Project("{2150E333-8FDC-42A3-9474-1A3956D46DE8}") = "src", "src", "{E85EC705-FADA-4A4B-A14B-0DC6586B7B07}"
EndProject
Project("{2150E333-8FDC-42A3-9474-1A3956D46DE8}") = "CorePackages", "CorePackages", "{381EF1C7-A0F2-4D93-B35C-9051822FE467}"
EndProject
Project("{2150E333-8FDC-42A3-9474-1A3956D46DE8}") = "KUSYSDemo", "KUSYSDemo", "{4E141731-EB40-4122-997D-03DFA5994B50}"
EndProject
Project("{FAE04EC0-301F-11D3-BF4B-00C04F79EFBC}") = "Application", "src\KUSYSDemo\Application\Application.csproj", "{622AC734-FDBE-44E6-8707-70A73A0DED31}"
EndProject
Project("{FAE04EC0-301F-11D3-BF4B-00C04F79EFBC}") = "Domain", "src\KUSYSDemo\Domain\Domain.csproj", "{9AD57E65-6185-415C-8607-1D4EC87619D6}"
EndProject
Project("{FAE04EC0-301F-11D3-BF4B-00C04F79EFBC}") = "Persistence", "src\KUSYSDemo\Persistence\Persistence.csproj", "{BA377A1C-C303-4785-A70E-E3ED8BEF95DD}"
EndProject
Project("{FAE04EC0-301F-11D3-BF4B-00C04F79EFBC}") = "API", "src\KUSYSDemo\API\API.csproj", "{DFA9979D-ED00-4C68-AC3C-4B41BAB3EA8A}"
EndProject
Project("{FAE04EC0-301F-11D3-BF4B-00C04F79EFBC}") = "Core.Persistence", "src\CorePackages\Core.Persistence\Core.Persistence.csproj", "{CED07CD3-943D-4278-9EB4-261A40127CB6}"
EndProject
Global
	GlobalSection(SolutionConfigurationPlatforms) = preSolution
		Debug|Any CPU = Debug|Any CPU
		Release|Any CPU = Release|Any CPU
	EndGlobalSection
	GlobalSection(ProjectConfigurationPlatforms) = postSolution
		{622AC734-FDBE-44E6-8707-70A73A0DED31}.Debug|Any CPU.ActiveCfg = Debug|Any CPU
		{622AC734-FDBE-44E6-8707-70A73A0DED31}.Debug|Any CPU.Build.0 = Debug|Any CPU
		{622AC734-FDBE-44E6-8707-70A73A0DED31}.Release|Any CPU.ActiveCfg = Release|Any CPU
		{622AC734-FDBE-44E6-8707-70A73A0DED31}.Release|Any CPU.Build.0 = Release|Any CPU
		{9AD57E65-6185-415C-8607-1D4EC87619D6}.Debug|Any CPU.ActiveCfg = Debug|Any CPU
		{9AD57E65-6185-415C-8607-1D4EC87619D6}.Debug|Any CPU.Build.0 = Debug|Any CPU
		{9AD57E65-6185-415C-8607-1D4EC87619D6}.Release|Any CPU.ActiveCfg = Release|Any CPU
		{9AD57E65-6185-415C-8607-1D4EC87619D6}.Release|Any CPU.Build.0 = Release|Any CPU
		{BA377A1C-C303-4785-A70E-E3ED8BEF95DD}.Debug|Any CPU.ActiveCfg = Debug|Any CPU
		{BA377A1C-C303-4785-A70E-E3ED8BEF95DD}.Debug|Any CPU.Build.0 = Debug|Any CPU
		{BA377A1C-C303-4785-A70E-E3ED8BEF95DD}.Release|Any CPU.ActiveCfg = Release|Any CPU
		{BA377A1C-C303-4785-A70E-E3ED8BEF95DD}.Release|Any CPU.Build.0 = Release|Any CPU
		{DFA9979D-ED00-4C68-AC3C-4B41BAB3EA8A}.Debug|Any CPU.ActiveCfg = Debug|Any CPU
		{DFA9979D-ED00-4C68-AC3C-4B41BAB3EA8A}.Debug|Any CPU.Build.0 = Debug|Any CPU
		{DFA9979D-ED00-4C68-AC3C-4B41BAB3EA8A}.Release|Any CPU.ActiveCfg = Release|Any CPU
		{DFA9979D-ED00-4C68-AC3C-4B41BAB3EA8A}.Release|Any CPU.Build.0 = Release|Any CPU
		{CED07CD3-943D-4278-9EB4-261A40127CB6}.Debug|Any CPU.ActiveCfg = Debug|Any CPU
		{CED07CD3-943D-4278-9EB4-261A40127CB6}.Debug|Any CPU.Build.0 = Debug|Any CPU
		{CED07CD3-943D-4278-9EB4-261A40127CB6}.Release|Any CPU.ActiveCfg = Release|Any CPU
		{CED07CD3-943D-4278-9EB4-261A40127CB6}.Release|Any CPU.Build.0 = Release|Any CPU
	EndGlobalSection
	GlobalSection(SolutionProperties) = preSolution
		HideSolutionNode = FALSE
	EndGlobalSection
	GlobalSection(NestedProjects) = preSolution
		{381EF1C7-A0F2-4D93-B35C-9051822FE467} = {E85EC705-FADA-4A4B-A14B-0DC6586B7B07}
		{4E141731-EB40-4122-997D-03DFA5994B50} = {E85EC705-FADA-4A4B-A14B-0DC6586B7B07}
		{622AC734-FDBE-44E6-8707-70A73A0DED31} = {4E141731-EB40-4122-997D-03DFA5994B50}
		{9AD57E65-6185-415C-8607-1D4EC87619D6} = {4E141731-EB40-4122-997D-03DFA5994B50}
		{BA377A1C-C303-4785-A70E-E3ED8BEF95DD} = {4E141731-EB40-4122-997D-03DFA5994B50}
		{DFA9979D-ED00-4C68-AC3C-4B41BAB3EA8A} = {4E141731-EB40-4122-997D-03DFA5994B50}
		{CED07CD3-943D-4278-9EB4-261A40127CB6} = {381EF1C7-A0F2-4D93-B35C-9051822FE467}
	EndGlobalSection
	GlobalSection(ExtensibilityGlobals) = postSolution
		SolutionGuid = {9E1C6286-0F62-40B0-891E-A7A28355E69F}
	EndGlobalSection
EndGlobal
